
Microsoft Visual Studio Solution File, Format Version 12.00
# Visual Studio Version 17
VisualStudioVersion = 17.8.34309.116
MinimumVisualStudioVersion = 10.0.40219.1
Project("{FAE04EC0-301F-11D3-BF4B-00C04F79EFBC}") = "hrm", "hrm\hrm.csproj", "{AE634E82-BF5C-4579-B0A5-283ABB42D5A2}"
EndProject
Global
	GlobalSection(SolutionConfigurationPlatforms) = preSolution
		Debug|Any CPU = Debug|Any CPU
		Release|Any CPU = Release|Any CPU
	EndGlobalSection
	GlobalSection(ProjectConfigurationPlatforms) = postSolution
		{AE634E82-BF5C-4579-B0A5-283ABB42D5A2}.Debug|Any CPU.ActiveCfg = Debug|Any CPU
		{AE634E82-BF5C-4579-B0A5-283ABB42D5A2}.Debug|Any CPU.Build.0 = Debug|Any CPU
		{AE634E82-BF5C-4579-B0A5-283ABB42D5A2}.Release|Any CPU.ActiveCfg = Release|Any CPU
		{AE634E82-BF5C-4579-B0A5-283ABB42D5A2}.Release|Any CPU.Build.0 = Release|Any CPU
	EndGlobalSection
	GlobalSection(SolutionProperties) = preSolution
		HideSolutionNode = FALSE
	EndGlobalSection
	GlobalSection(ExtensibilityGlobals) = postSolution
		SolutionGuid = {C2040FCB-1362-4AA2-8B5B-7B180736AA18}
	EndGlobalSection
EndGlobal
